// !$*UTF8*$!
{
	archiveVersion = 1;
	classes = {
	};
	objectVersion = 55;
	objects = {

/* Begin PBXBuildFile section */
		9D0746CF281929560093ED62 /* AppDelegate.swift in Sources */ = {isa = PBXBuildFile; fileRef = 9D0746CE281929560093ED62 /* AppDelegate.swift */; };
		9D0746D1281929560093ED62 /* SceneDelegate.swift in Sources */ = {isa = PBXBuildFile; fileRef = 9D0746D0281929560093ED62 /* SceneDelegate.swift */; };
		9D0746D6281929560093ED62 /* Main.storyboard in Resources */ = {isa = PBXBuildFile; fileRef = 9D0746D4281929560093ED62 /* Main.storyboard */; };
		9D0746D9281929560093ED62 /* fsocial.xcdatamodeld in Sources */ = {isa = PBXBuildFile; fileRef = 9D0746D7281929560093ED62 /* fsocial.xcdatamodeld */; };
		9D0746DB281929570093ED62 /* Assets.xcassets in Resources */ = {isa = PBXBuildFile; fileRef = 9D0746DA281929570093ED62 /* Assets.xcassets */; };
		9D0746DE281929570093ED62 /* LaunchScreen.storyboard in Resources */ = {isa = PBXBuildFile; fileRef = 9D0746DC281929570093ED62 /* LaunchScreen.storyboard */; };
		9D0746E9281929580093ED62 /* fsocialTests.swift in Sources */ = {isa = PBXBuildFile; fileRef = 9D0746E8281929580093ED62 /* fsocialTests.swift */; };
		9D0746F3281929580093ED62 /* fsocialUITests.swift in Sources */ = {isa = PBXBuildFile; fileRef = 9D0746F2281929580093ED62 /* fsocialUITests.swift */; };
		9D0746F5281929580093ED62 /* fsocialUITestsLaunchTests.swift in Sources */ = {isa = PBXBuildFile; fileRef = 9D0746F4281929580093ED62 /* fsocialUITestsLaunchTests.swift */; };
		9D074706281936450093ED62 /* users_model.swift in Sources */ = {isa = PBXBuildFile; fileRef = 9D074705281936450093ED62 /* users_model.swift */; };
		9D074708281953010093ED62 /* http_service.swift in Sources */ = {isa = PBXBuildFile; fileRef = 9D074707281953010093ED62 /* http_service.swift */; };
		9D07470B281953500093ED62 /* http_constants.swift in Sources */ = {isa = PBXBuildFile; fileRef = 9D07470A281953500093ED62 /* http_constants.swift */; };
		9D074714281959C70093ED62 /* ViewController.swift in Sources */ = {isa = PBXBuildFile; fileRef = 9D074713281959C70093ED62 /* ViewController.swift */; };
		9D074716281959E30093ED62 /* welcome_view_controller.swift in Sources */ = {isa = PBXBuildFile; fileRef = 9D074715281959E30093ED62 /* welcome_view_controller.swift */; };
/* End PBXBuildFile section */

/* Begin PBXContainerItemProxy section */
		9D0746E5281929580093ED62 /* PBXContainerItemProxy */ = {
			isa = PBXContainerItemProxy;
			containerPortal = 9D0746C3281929560093ED62 /* Project object */;
			proxyType = 1;
			remoteGlobalIDString = 9D0746CA281929560093ED62;
			remoteInfo = fsocial;
		};
		9D0746EF281929580093ED62 /* PBXContainerItemProxy */ = {
			isa = PBXContainerItemProxy;
			containerPortal = 9D0746C3281929560093ED62 /* Project object */;
			proxyType = 1;
			remoteGlobalIDString = 9D0746CA281929560093ED62;
			remoteInfo = fsocial;
		};
/* End PBXContainerItemProxy section */

/* Begin PBXFileReference section */
		9D0746CB281929560093ED62 /* fsocial.app */ = {isa = PBXFileReference; explicitFileType = wrapper.application; includeInIndex = 0; path = fsocial.app; sourceTree = BUILT_PRODUCTS_DIR; };
		9D0746CE281929560093ED62 /* AppDelegate.swift */ = {isa = PBXFileReference; lastKnownFileType = sourcecode.swift; path = AppDelegate.swift; sourceTree = "<group>"; };
		9D0746D0281929560093ED62 /* SceneDelegate.swift */ = {isa = PBXFileReference; lastKnownFileType = sourcecode.swift; path = SceneDelegate.swift; sourceTree = "<group>"; };
		9D0746D5281929560093ED62 /* Base */ = {isa = PBXFileReference; lastKnownFileType = file.storyboard; name = Base; path = Base.lproj/Main.storyboard; sourceTree = "<group>"; };
		9D0746D8281929560093ED62 /* fsocial.xcdatamodel */ = {isa = PBXFileReference; lastKnownFileType = wrapper.xcdatamodel; path = fsocial.xcdatamodel; sourceTree = "<group>"; };
		9D0746DA281929570093ED62 /* Assets.xcassets */ = {isa = PBXFileReference; lastKnownFileType = folder.assetcatalog; path = Assets.xcassets; sourceTree = "<group>"; };
		9D0746DD281929570093ED62 /* Base */ = {isa = PBXFileReference; lastKnownFileType = file.storyboard; name = Base; path = Base.lproj/LaunchScreen.storyboard; sourceTree = "<group>"; };
		9D0746DF281929570093ED62 /* Info.plist */ = {isa = PBXFileReference; lastKnownFileType = text.plist.xml; path = Info.plist; sourceTree = "<group>"; };
		9D0746E4281929580093ED62 /* fsocialTests.xctest */ = {isa = PBXFileReference; explicitFileType = wrapper.cfbundle; includeInIndex = 0; path = fsocialTests.xctest; sourceTree = BUILT_PRODUCTS_DIR; };
		9D0746E8281929580093ED62 /* fsocialTests.swift */ = {isa = PBXFileReference; lastKnownFileType = sourcecode.swift; path = fsocialTests.swift; sourceTree = "<group>"; };
		9D0746EE281929580093ED62 /* fsocialUITests.xctest */ = {isa = PBXFileReference; explicitFileType = wrapper.cfbundle; includeInIndex = 0; path = fsocialUITests.xctest; sourceTree = BUILT_PRODUCTS_DIR; };
		9D0746F2281929580093ED62 /* fsocialUITests.swift */ = {isa = PBXFileReference; lastKnownFileType = sourcecode.swift; path = fsocialUITests.swift; sourceTree = "<group>"; };
		9D0746F4281929580093ED62 /* fsocialUITestsLaunchTests.swift */ = {isa = PBXFileReference; lastKnownFileType = sourcecode.swift; path = fsocialUITestsLaunchTests.swift; sourceTree = "<group>"; };
		9D074705281936450093ED62 /* users_model.swift */ = {isa = PBXFileReference; lastKnownFileType = sourcecode.swift; path = users_model.swift; sourceTree = "<group>"; };
		9D074707281953010093ED62 /* http_service.swift */ = {isa = PBXFileReference; lastKnownFileType = sourcecode.swift; path = http_service.swift; sourceTree = "<group>"; };
		9D07470A281953500093ED62 /* http_constants.swift */ = {isa = PBXFileReference; lastKnownFileType = sourcecode.swift; path = http_constants.swift; sourceTree = "<group>"; };
		9D074713281959C70093ED62 /* ViewController.swift */ = {isa = PBXFileReference; fileEncoding = 4; lastKnownFileType = sourcecode.swift; path = ViewController.swift; sourceTree = "<group>"; };
		9D074715281959E30093ED62 /* welcome_view_controller.swift */ = {isa = PBXFileReference; lastKnownFileType = sourcecode.swift; path = welcome_view_controller.swift; sourceTree = "<group>"; };
/* End PBXFileReference section */

/* Begin PBXFrameworksBuildPhase section */
		9D0746C8281929560093ED62 /* Frameworks */ = {
			isa = PBXFrameworksBuildPhase;
			buildActionMask = 2147483647;
			files = (
			);
			runOnlyForDeploymentPostprocessing = 0;
		};
		9D0746E1281929580093ED62 /* Frameworks */ = {
			isa = PBXFrameworksBuildPhase;
			buildActionMask = 2147483647;
			files = (
			);
			runOnlyForDeploymentPostprocessing = 0;
		};
		9D0746EB281929580093ED62 /* Frameworks */ = {
			isa = PBXFrameworksBuildPhase;
			buildActionMask = 2147483647;
			files = (
			);
			runOnlyForDeploymentPostprocessing = 0;
		};
/* End PBXFrameworksBuildPhase section */

/* Begin PBXGroup section */
		9D0746C2281929560093ED62 = {
			isa = PBXGroup;
			children = (
				9D07470328192A510093ED62 /* screens */,
				9D0746CD281929560093ED62 /* fsocial */,
				9D0746E7281929580093ED62 /* fsocialTests */,
				9D0746F1281929580093ED62 /* fsocialUITests */,
				9D0746CC281929560093ED62 /* Products */,
			);
			sourceTree = "<group>";
		};
		9D0746CC281929560093ED62 /* Products */ = {
			isa = PBXGroup;
			children = (
				9D0746CB281929560093ED62 /* fsocial.app */,
				9D0746E4281929580093ED62 /* fsocialTests.xctest */,
				9D0746EE281929580093ED62 /* fsocialUITests.xctest */,
			);
			name = Products;
			sourceTree = "<group>";
		};
		9D0746CD281929560093ED62 /* fsocial */ = {
			isa = PBXGroup;
			children = (
				9D07470228192A3C0093ED62 /* core */,
				9D07470128192A330093ED62 /* app */,
				9D0746DF281929570093ED62 /* Info.plist */,
				9D0746DC281929570093ED62 /* LaunchScreen.storyboard */,
			);
			path = fsocial;
			sourceTree = "<group>";
		};
		9D0746E7281929580093ED62 /* fsocialTests */ = {
			isa = PBXGroup;
			children = (
				9D0746E8281929580093ED62 /* fsocialTests.swift */,
			);
			path = fsocialTests;
			sourceTree = "<group>";
		};
		9D0746F1281929580093ED62 /* fsocialUITests */ = {
			isa = PBXGroup;
			children = (
				9D0746F2281929580093ED62 /* fsocialUITests.swift */,
				9D0746F4281929580093ED62 /* fsocialUITestsLaunchTests.swift */,
			);
			path = fsocialUITests;
			sourceTree = "<group>";
		};
		9D07470128192A330093ED62 /* app */ = {
			isa = PBXGroup;
			children = (
				9D07470D281956470093ED62 /* init */,
				9D07470C2819560F0093ED62 /* supports */,
				9D074709281953320093ED62 /* constants */,
				9D074704281936260093ED62 /* models */,
			);
			path = app;
			sourceTree = "<group>";
		};
		9D07470228192A3C0093ED62 /* core */ = {
			isa = PBXGroup;
			children = (
				9D074707281953010093ED62 /* http_service.swift */,
			);
			path = core;
			sourceTree = "<group>";
		};
		9D07470328192A510093ED62 /* screens */ = {
			isa = PBXGroup;
			children = (
				9D0747102819595A0093ED62 /* welcome_screen */,
			);
			path = screens;
			sourceTree = "<group>";
		};
		9D074704281936260093ED62 /* models */ = {
			isa = PBXGroup;
			children = (
				9D074705281936450093ED62 /* users_model.swift */,
			);
			path = models;
			sourceTree = "<group>";
		};
		9D074709281953320093ED62 /* constants */ = {
			isa = PBXGroup;
			children = (
				9D07470A281953500093ED62 /* http_constants.swift */,
			);
			path = constants;
			sourceTree = "<group>";
		};
		9D07470C2819560F0093ED62 /* supports */ = {
			isa = PBXGroup;
			children = (
				9D0746D0281929560093ED62 /* SceneDelegate.swift */,
				9D0746CE281929560093ED62 /* AppDelegate.swift */,
			);
			path = supports;
			sourceTree = "<group>";
		};
		9D07470D281956470093ED62 /* init */ = {
			isa = PBXGroup;
			children = (
				9D07470F281956840093ED62 /* assets */,
				9D07470E2819564F0093ED62 /* coreData */,
			);
			path = init;
			sourceTree = "<group>";
		};
		9D07470E2819564F0093ED62 /* coreData */ = {
			isa = PBXGroup;
			children = (
				9D0746D7281929560093ED62 /* fsocial.xcdatamodeld */,
			);
			path = coreData;
			sourceTree = "<group>";
		};
		9D07470F281956840093ED62 /* assets */ = {
			isa = PBXGroup;
			children = (
				9D0746DA281929570093ED62 /* Assets.xcassets */,
			);
			path = assets;
			sourceTree = "<group>";
		};
		9D0747102819595A0093ED62 /* welcome_screen */ = {
			isa = PBXGroup;
			children = (
				9D074712281959740093ED62 /* view */,
				9D0747112819596E0093ED62 /* controller */,
			);
			path = welcome_screen;
			sourceTree = "<group>";
		};
		9D0747112819596E0093ED62 /* controller */ = {
			isa = PBXGroup;
			children = (
				9D074715281959E30093ED62 /* welcome_view_controller.swift */,
			);
			path = controller;
			sourceTree = "<group>";
		};
		9D074712281959740093ED62 /* view */ = {
			isa = PBXGroup;
			children = (
				9D074713281959C70093ED62 /* ViewController.swift */,
				9D0746D4281929560093ED62 /* Main.storyboard */,
			);
			path = view;
			sourceTree = "<group>";
		};
/* End PBXGroup section */

/* Begin PBXNativeTarget section */
		9D0746CA281929560093ED62 /* fsocial */ = {
			isa = PBXNativeTarget;
			buildConfigurationList = 9D0746F8281929580093ED62 /* Build configuration list for PBXNativeTarget "fsocial" */;
			buildPhases = (
				9D0746C7281929560093ED62 /* Sources */,
				9D0746C8281929560093ED62 /* Frameworks */,
				9D0746C9281929560093ED62 /* Resources */,
			);
			buildRules = (
			);
			dependencies = (
			);
			name = fsocial;
			productName = fsocial;
			productReference = 9D0746CB281929560093ED62 /* fsocial.app */;
			productType = "com.apple.product-type.application";
		};
		9D0746E3281929580093ED62 /* fsocialTests */ = {
			isa = PBXNativeTarget;
			buildConfigurationList = 9D0746FB281929580093ED62 /* Build configuration list for PBXNativeTarget "fsocialTests" */;
			buildPhases = (
				9D0746E0281929580093ED62 /* Sources */,
				9D0746E1281929580093ED62 /* Frameworks */,
				9D0746E2281929580093ED62 /* Resources */,
			);
			buildRules = (
			);
			dependencies = (
				9D0746E6281929580093ED62 /* PBXTargetDependency */,
			);
			name = fsocialTests;
			productName = fsocialTests;
			productReference = 9D0746E4281929580093ED62 /* fsocialTests.xctest */;
			productType = "com.apple.product-type.bundle.unit-test";
		};
		9D0746ED281929580093ED62 /* fsocialUITests */ = {
			isa = PBXNativeTarget;
			buildConfigurationList = 9D0746FE281929580093ED62 /* Build configuration list for PBXNativeTarget "fsocialUITests" */;
			buildPhases = (
				9D0746EA281929580093ED62 /* Sources */,
				9D0746EB281929580093ED62 /* Frameworks */,
				9D0746EC281929580093ED62 /* Resources */,
			);
			buildRules = (
			);
			dependencies = (
				9D0746F0281929580093ED62 /* PBXTargetDependency */,
			);
			name = fsocialUITests;
			productName = fsocialUITests;
			productReference = 9D0746EE281929580093ED62 /* fsocialUITests.xctest */;
			productType = "com.apple.product-type.bundle.ui-testing";
		};
/* End PBXNativeTarget section */

/* Begin PBXProject section */
		9D0746C3281929560093ED62 /* Project object */ = {
			isa = PBXProject;
			attributes = {
				BuildIndependentTargetsInParallel = 1;
				LastSwiftUpdateCheck = 1310;
				LastUpgradeCheck = 1310;
				TargetAttributes = {
					9D0746CA281929560093ED62 = {
						CreatedOnToolsVersion = 13.1;
					};
					9D0746E3281929580093ED62 = {
						CreatedOnToolsVersion = 13.1;
						TestTargetID = 9D0746CA281929560093ED62;
					};
					9D0746ED281929580093ED62 = {
						CreatedOnToolsVersion = 13.1;
						TestTargetID = 9D0746CA281929560093ED62;
					};
				};
			};
			buildConfigurationList = 9D0746C6281929560093ED62 /* Build configuration list for PBXProject "fsocial" */;
			compatibilityVersion = "Xcode 13.0";
			developmentRegion = en;
			hasScannedForEncodings = 0;
			knownRegions = (
				en,
				Base,
			);
			mainGroup = 9D0746C2281929560093ED62;
			productRefGroup = 9D0746CC281929560093ED62 /* Products */;
			projectDirPath = "";
			projectRoot = "";
			targets = (
				9D0746CA281929560093ED62 /* fsocial */,
				9D0746E3281929580093ED62 /* fsocialTests */,
				9D0746ED281929580093ED62 /* fsocialUITests */,
			);
		};
/* End PBXProject section */

/* Begin PBXResourcesBuildPhase section */
		9D0746C9281929560093ED62 /* Resources */ = {
			isa = PBXResourcesBuildPhase;
			buildActionMask = 2147483647;
			files = (
				9D0746DE281929570093ED62 /* LaunchScreen.storyboard in Resources */,
				9D0746DB281929570093ED62 /* Assets.xcassets in Resources */,
				9D0746D6281929560093ED62 /* Main.storyboard in Resources */,
			);
			runOnlyForDeploymentPostprocessing = 0;
		};
		9D0746E2281929580093ED62 /* Resources */ = {
			isa = PBXResourcesBuildPhase;
			buildActionMask = 2147483647;
			files = (
			);
			runOnlyForDeploymentPostprocessing = 0;
		};
		9D0746EC281929580093ED62 /* Resources */ = {
			isa = PBXResourcesBuildPhase;
			buildActionMask = 2147483647;
			files = (
			);
			runOnlyForDeploymentPostprocessing = 0;
		};
/* End PBXResourcesBuildPhase section */

/* Begin PBXSourcesBuildPhase section */
		9D0746C7281929560093ED62 /* Sources */ = {
			isa = PBXSourcesBuildPhase;
			buildActionMask = 2147483647;
			files = (
				9D074708281953010093ED62 /* http_service.swift in Sources */,
				9D0746D9281929560093ED62 /* fsocial.xcdatamodeld in Sources */,
				9D074706281936450093ED62 /* users_model.swift in Sources */,
				9D074716281959E30093ED62 /* welcome_view_controller.swift in Sources */,
				9D0746CF281929560093ED62 /* AppDelegate.swift in Sources */,
				9D074714281959C70093ED62 /* ViewController.swift in Sources */,
				9D07470B281953500093ED62 /* http_constants.swift in Sources */,
				9D0746D1281929560093ED62 /* SceneDelegate.swift in Sources */,
			);
			runOnlyForDeploymentPostprocessing = 0;
		};
		9D0746E0281929580093ED62 /* Sources */ = {
			isa = PBXSourcesBuildPhase;
			buildActionMask = 2147483647;
			files = (
				9D0746E9281929580093ED62 /* fsocialTests.swift in Sources */,
			);
			runOnlyForDeploymentPostprocessing = 0;
		};
		9D0746EA281929580093ED62 /* Sources */ = {
			isa = PBXSourcesBuildPhase;
			buildActionMask = 2147483647;
			files = (
				9D0746F5281929580093ED62 /* fsocialUITestsLaunchTests.swift in Sources */,
				9D0746F3281929580093ED62 /* fsocialUITests.swift in Sources */,
			);
			runOnlyForDeploymentPostprocessing = 0;
		};
/* End PBXSourcesBuildPhase section */

/* Begin PBXTargetDependency section */
		9D0746E6281929580093ED62 /* PBXTargetDependency */ = {
			isa = PBXTargetDependency;
			target = 9D0746CA281929560093ED62 /* fsocial */;
			targetProxy = 9D0746E5281929580093ED62 /* PBXContainerItemProxy */;
		};
		9D0746F0281929580093ED62 /* PBXTargetDependency */ = {
			isa = PBXTargetDependency;
			target = 9D0746CA281929560093ED62 /* fsocial */;
			targetProxy = 9D0746EF281929580093ED62 /* PBXContainerItemProxy */;
		};
/* End PBXTargetDependency section */

/* Begin PBXVariantGroup section */
		9D0746D4281929560093ED62 /* Main.storyboard */ = {
			isa = PBXVariantGroup;
			children = (
				9D0746D5281929560093ED62 /* Base */,
			);
			name = Main.storyboard;
			sourceTree = "<group>";
		};
		9D0746DC281929570093ED62 /* LaunchScreen.storyboard */ = {
			isa = PBXVariantGroup;
			children = (
				9D0746DD281929570093ED62 /* Base */,
			);
			name = LaunchScreen.storyboard;
			sourceTree = "<group>";
		};
/* End PBXVariantGroup section */

/* Begin XCBuildConfiguration section */
		9D0746F6281929580093ED62 /* Debug */ = {
			isa = XCBuildConfiguration;
			buildSettings = {
				ALWAYS_SEARCH_USER_PATHS = NO;
				CLANG_ANALYZER_NONNULL = YES;
				CLANG_ANALYZER_NUMBER_OBJECT_CONVERSION = YES_AGGRESSIVE;
				CLANG_CXX_LANGUAGE_STANDARD = "gnu++17";
				CLANG_CXX_LIBRARY = "libc++";
				CLANG_ENABLE_MODULES = YES;
				CLANG_ENABLE_OBJC_ARC = YES;
				CLANG_ENABLE_OBJC_WEAK = YES;
				CLANG_WARN_BLOCK_CAPTURE_AUTORELEASING = YES;
				CLANG_WARN_BOOL_CONVERSION = YES;
				CLANG_WARN_COMMA = YES;
				CLANG_WARN_CONSTANT_CONVERSION = YES;
				CLANG_WARN_DEPRECATED_OBJC_IMPLEMENTATIONS = YES;
				CLANG_WARN_DIRECT_OBJC_ISA_USAGE = YES_ERROR;
				CLANG_WARN_DOCUMENTATION_COMMENTS = YES;
				CLANG_WARN_EMPTY_BODY = YES;
				CLANG_WARN_ENUM_CONVERSION = YES;
				CLANG_WARN_INFINITE_RECURSION = YES;
				CLANG_WARN_INT_CONVERSION = YES;
				CLANG_WARN_NON_LITERAL_NULL_CONVERSION = YES;
				CLANG_WARN_OBJC_IMPLICIT_RETAIN_SELF = YES;
				CLANG_WARN_OBJC_LITERAL_CONVERSION = YES;
				CLANG_WARN_OBJC_ROOT_CLASS = YES_ERROR;
				CLANG_WARN_QUOTED_INCLUDE_IN_FRAMEWORK_HEADER = YES;
				CLANG_WARN_RANGE_LOOP_ANALYSIS = YES;
				CLANG_WARN_STRICT_PROTOTYPES = YES;
				CLANG_WARN_SUSPICIOUS_MOVE = YES;
				CLANG_WARN_UNGUARDED_AVAILABILITY = YES_AGGRESSIVE;
				CLANG_WARN_UNREACHABLE_CODE = YES;
				CLANG_WARN__DUPLICATE_METHOD_MATCH = YES;
				COPY_PHASE_STRIP = NO;
				DEBUG_INFORMATION_FORMAT = dwarf;
				ENABLE_STRICT_OBJC_MSGSEND = YES;
				ENABLE_TESTABILITY = YES;
				GCC_C_LANGUAGE_STANDARD = gnu11;
				GCC_DYNAMIC_NO_PIC = NO;
				GCC_NO_COMMON_BLOCKS = YES;
				GCC_OPTIMIZATION_LEVEL = 0;
				GCC_PREPROCESSOR_DEFINITIONS = (
					"DEBUG=1",
					"$(inherited)",
				);
				GCC_WARN_64_TO_32_BIT_CONVERSION = YES;
				GCC_WARN_ABOUT_RETURN_TYPE = YES_ERROR;
				GCC_WARN_UNDECLARED_SELECTOR = YES;
				GCC_WARN_UNINITIALIZED_AUTOS = YES_AGGRESSIVE;
				GCC_WARN_UNUSED_FUNCTION = YES;
				GCC_WARN_UNUSED_VARIABLE = YES;
				IPHONEOS_DEPLOYMENT_TARGET = 15.0;
				MTL_ENABLE_DEBUG_INFO = INCLUDE_SOURCE;
				MTL_FAST_MATH = YES;
				ONLY_ACTIVE_ARCH = YES;
				SDKROOT = iphoneos;
				SWIFT_ACTIVE_COMPILATION_CONDITIONS = DEBUG;
				SWIFT_OPTIMIZATION_LEVEL = "-Onone";
			};
			name = Debug;
		};
		9D0746F7281929580093ED62 /* Release */ = {
			isa = XCBuildConfiguration;
			buildSettings = {
				ALWAYS_SEARCH_USER_PATHS = NO;
				CLANG_ANALYZER_NONNULL = YES;
				CLANG_ANALYZER_NUMBER_OBJECT_CONVERSION = YES_AGGRESSIVE;
				CLANG_CXX_LANGUAGE_STANDARD = "gnu++17";
				CLANG_CXX_LIBRARY = "libc++";
				CLANG_ENABLE_MODULES = YES;
				CLANG_ENABLE_OBJC_ARC = YES;
				CLANG_ENABLE_OBJC_WEAK = YES;
				CLANG_WARN_BLOCK_CAPTURE_AUTORELEASING = YES;
				CLANG_WARN_BOOL_CONVERSION = YES;
				CLANG_WARN_COMMA = YES;
				CLANG_WARN_CONSTANT_CONVERSION = YES;
				CLANG_WARN_DEPRECATED_OBJC_IMPLEMENTATIONS = YES;
				CLANG_WARN_DIRECT_OBJC_ISA_USAGE = YES_ERROR;
				CLANG_WARN_DOCUMENTATION_COMMENTS = YES;
				CLANG_WARN_EMPTY_BODY = YES;
				CLANG_WARN_ENUM_CONVERSION = YES;
				CLANG_WARN_INFINITE_RECURSION = YES;
				CLANG_WARN_INT_CONVERSION = YES;
				CLANG_WARN_NON_LITERAL_NULL_CONVERSION = YES;
				CLANG_WARN_OBJC_IMPLICIT_RETAIN_SELF = YES;
				CLANG_WARN_OBJC_LITERAL_CONVERSION = YES;
				CLANG_WARN_OBJC_ROOT_CLASS = YES_ERROR;
				CLANG_WARN_QUOTED_INCLUDE_IN_FRAMEWORK_HEADER = YES;
				CLANG_WARN_RANGE_LOOP_ANALYSIS = YES;
				CLANG_WARN_STRICT_PROTOTYPES = YES;
				CLANG_WARN_SUSPICIOUS_MOVE = YES;
				CLANG_WARN_UNGUARDED_AVAILABILITY = YES_AGGRESSIVE;
				CLANG_WARN_UNREACHABLE_CODE = YES;
				CLANG_WARN__DUPLICATE_METHOD_MATCH = YES;
				COPY_PHASE_STRIP = NO;
				DEBUG_INFORMATION_FORMAT = "dwarf-with-dsym";
				ENABLE_NS_ASSERTIONS = NO;
				ENABLE_STRICT_OBJC_MSGSEND = YES;
				GCC_C_LANGUAGE_STANDARD = gnu11;
				GCC_NO_COMMON_BLOCKS = YES;
				GCC_WARN_64_TO_32_BIT_CONVERSION = YES;
				GCC_WARN_ABOUT_RETURN_TYPE = YES_ERROR;
				GCC_WARN_UNDECLARED_SELECTOR = YES;
				GCC_WARN_UNINITIALIZED_AUTOS = YES_AGGRESSIVE;
				GCC_WARN_UNUSED_FUNCTION = YES;
				GCC_WARN_UNUSED_VARIABLE = YES;
				IPHONEOS_DEPLOYMENT_TARGET = 15.0;
				MTL_ENABLE_DEBUG_INFO = NO;
				MTL_FAST_MATH = YES;
				SDKROOT = iphoneos;
				SWIFT_COMPILATION_MODE = wholemodule;
				SWIFT_OPTIMIZATION_LEVEL = "-O";
				VALIDATE_PRODUCT = YES;
			};
			name = Release;
		};
		9D0746F9281929580093ED62 /* Debug */ = {
			isa = XCBuildConfiguration;
			buildSettings = {
				ASSETCATALOG_COMPILER_APPICON_NAME = AppIcon;
				ASSETCATALOG_COMPILER_GLOBAL_ACCENT_COLOR_NAME = AccentColor;
				CODE_SIGN_STYLE = Automatic;
				CURRENT_PROJECT_VERSION = 1;
				DEVELOPMENT_TEAM = M3G6GC9D7L;
				GENERATE_INFOPLIST_FILE = YES;
				INFOPLIST_FILE = fsocial/Info.plist;
				INFOPLIST_KEY_UIApplicationSupportsIndirectInputEvents = YES;
				INFOPLIST_KEY_UILaunchStoryboardName = LaunchScreen;
				INFOPLIST_KEY_UIMainStoryboardFile = Main;
				INFOPLIST_KEY_UISupportedInterfaceOrientations_iPad = "UIInterfaceOrientationPortrait UIInterfaceOrientationPortraitUpsideDown UIInterfaceOrientationLandscapeLeft UIInterfaceOrientationLandscapeRight";
				INFOPLIST_KEY_UISupportedInterfaceOrientations_iPhone = "UIInterfaceOrientationPortrait UIInterfaceOrientationLandscapeLeft UIInterfaceOrientationLandscapeRight";
				LD_RUNPATH_SEARCH_PATHS = (
					"$(inherited)",
					"@executable_path/Frameworks",
				);
				MARKETING_VERSION = 1.0;
				PRODUCT_BUNDLE_IDENTIFIER = com.halilyilmaz.fsocial;
				PRODUCT_NAME = "$(TARGET_NAME)";
				SWIFT_EMIT_LOC_STRINGS = YES;
				SWIFT_VERSION = 5.0;
				TARGETED_DEVICE_FAMILY = "1,2";
			};
			name = Debug;
		};
		9D0746FA281929580093ED62 /* Release */ = {
			isa = XCBuildConfiguration;
			buildSettings = {
				ASSETCATALOG_COMPILER_APPICON_NAME = AppIcon;
				ASSETCATALOG_COMPILER_GLOBAL_ACCENT_COLOR_NAME = AccentColor;
				CODE_SIGN_STYLE = Automatic;
				CURRENT_PROJECT_VERSION = 1;
				DEVELOPMENT_TEAM = M3G6GC9D7L;
				GENERATE_INFOPLIST_FILE = YES;
				INFOPLIST_FILE = fsocial/Info.plist;
				INFOPLIST_KEY_UIApplicationSupportsIndirectInputEvents = YES;
				INFOPLIST_KEY_UILaunchStoryboardName = LaunchScreen;
				INFOPLIST_KEY_UIMainStoryboardFile = Main;
				INFOPLIST_KEY_UISupportedInterfaceOrientations_iPad = "UIInterfaceOrientationPortrait UIInterfaceOrientationPortraitUpsideDown UIInterfaceOrientationLandscapeLeft UIInterfaceOrientationLandscapeRight";
				INFOPLIST_KEY_UISupportedInterfaceOrientations_iPhone = "UIInterfaceOrientationPortrait UIInterfaceOrientationLandscapeLeft UIInterfaceOrientationLandscapeRight";
				LD_RUNPATH_SEARCH_PATHS = (
					"$(inherited)",
					"@executable_path/Frameworks",
				);
				MARKETING_VERSION = 1.0;
				PRODUCT_BUNDLE_IDENTIFIER = com.halilyilmaz.fsocial;
				PRODUCT_NAME = "$(TARGET_NAME)";
				SWIFT_EMIT_LOC_STRINGS = YES;
				SWIFT_VERSION = 5.0;
				TARGETED_DEVICE_FAMILY = "1,2";
			};
			name = Release;
		};
		9D0746FC281929580093ED62 /* Debug */ = {
			isa = XCBuildConfiguration;
			buildSettings = {
				ALWAYS_EMBED_SWIFT_STANDARD_LIBRARIES = YES;
				BUNDLE_LOADER = "$(TEST_HOST)";
				CODE_SIGN_STYLE = Automatic;
				CURRENT_PROJECT_VERSION = 1;
				DEVELOPMENT_TEAM = M3G6GC9D7L;
				GENERATE_INFOPLIST_FILE = YES;
				IPHONEOS_DEPLOYMENT_TARGET = 15.0;
				LD_RUNPATH_SEARCH_PATHS = (
					"$(inherited)",
					"@executable_path/Frameworks",
					"@loader_path/Frameworks",
				);
				MARKETING_VERSION = 1.0;
				PRODUCT_BUNDLE_IDENTIFIER = com.halilyilmaz.fsocialTests;
				PRODUCT_NAME = "$(TARGET_NAME)";
				SWIFT_EMIT_LOC_STRINGS = NO;
				SWIFT_VERSION = 5.0;
				TARGETED_DEVICE_FAMILY = "1,2";
				TEST_HOST = "$(BUILT_PRODUCTS_DIR)/fsocial.app/fsocial";
			};
			name = Debug;
		};
		9D0746FD281929580093ED62 /* Release */ = {
			isa = XCBuildConfiguration;
			buildSettings = {
				ALWAYS_EMBED_SWIFT_STANDARD_LIBRARIES = YES;
				BUNDLE_LOADER = "$(TEST_HOST)";
				CODE_SIGN_STYLE = Automatic;
				CURRENT_PROJECT_VERSION = 1;
				DEVELOPMENT_TEAM = M3G6GC9D7L;
				GENERATE_INFOPLIST_FILE = YES;
				IPHONEOS_DEPLOYMENT_TARGET = 15.0;
				LD_RUNPATH_SEARCH_PATHS = (
					"$(inherited)",
					"@executable_path/Frameworks",
					"@loader_path/Frameworks",
				);
				MARKETING_VERSION = 1.0;
				PRODUCT_BUNDLE_IDENTIFIER = com.halilyilmaz.fsocialTests;
				PRODUCT_NAME = "$(TARGET_NAME)";
				SWIFT_EMIT_LOC_STRINGS = NO;
				SWIFT_VERSION = 5.0;
				TARGETED_DEVICE_FAMILY = "1,2";
				TEST_HOST = "$(BUILT_PRODUCTS_DIR)/fsocial.app/fsocial";
			};
			name = Release;
		};
		9D0746FF281929580093ED62 /* Debug */ = {
			isa = XCBuildConfiguration;
			buildSettings = {
				ALWAYS_EMBED_SWIFT_STANDARD_LIBRARIES = YES;
				CODE_SIGN_STYLE = Automatic;
				CURRENT_PROJECT_VERSION = 1;
				DEVELOPMENT_TEAM = M3G6GC9D7L;
				GENERATE_INFOPLIST_FILE = YES;
				LD_RUNPATH_SEARCH_PATHS = (
					"$(inherited)",
					"@executable_path/Frameworks",
					"@loader_path/Frameworks",
				);
				MARKETING_VERSION = 1.0;
				PRODUCT_BUNDLE_IDENTIFIER = com.halilyilmaz.fsocialUITests;
				PRODUCT_NAME = "$(TARGET_NAME)";
				SWIFT_EMIT_LOC_STRINGS = NO;
				SWIFT_VERSION = 5.0;
				TARGETED_DEVICE_FAMILY = "1,2";
				TEST_TARGET_NAME = fsocial;
			};
			name = Debug;
		};
		9D074700281929580093ED62 /* Release */ = {
			isa = XCBuildConfiguration;
			buildSettings = {
				ALWAYS_EMBED_SWIFT_STANDARD_LIBRARIES = YES;
				CODE_SIGN_STYLE = Automatic;
				CURRENT_PROJECT_VERSION = 1;
				DEVELOPMENT_TEAM = M3G6GC9D7L;
				GENERATE_INFOPLIST_FILE = YES;
				LD_RUNPATH_SEARCH_PATHS = (
					"$(inherited)",
					"@executable_path/Frameworks",
					"@loader_path/Frameworks",
				);
				MARKETING_VERSION = 1.0;
				PRODUCT_BUNDLE_IDENTIFIER = com.halilyilmaz.fsocialUITests;
				PRODUCT_NAME = "$(TARGET_NAME)";
				SWIFT_EMIT_LOC_STRINGS = NO;
				SWIFT_VERSION = 5.0;
				TARGETED_DEVICE_FAMILY = "1,2";
				TEST_TARGET_NAME = fsocial;
			};
			name = Release;
		};
/* End XCBuildConfiguration section */

/* Begin XCConfigurationList section */
		9D0746C6281929560093ED62 /* Build configuration list for PBXProject "fsocial" */ = {
			isa = XCConfigurationList;
			buildConfigurations = (
				9D0746F6281929580093ED62 /* Debug */,
				9D0746F7281929580093ED62 /* Release */,
			);
			defaultConfigurationIsVisible = 0;
			defaultConfigurationName = Release;
		};
		9D0746F8281929580093ED62 /* Build configuration list for PBXNativeTarget "fsocial" */ = {
			isa = XCConfigurationList;
			buildConfigurations = (
				9D0746F9281929580093ED62 /* Debug */,
				9D0746FA281929580093ED62 /* Release */,
			);
			defaultConfigurationIsVisible = 0;
			defaultConfigurationName = Release;
		};
		9D0746FB281929580093ED62 /* Build configuration list for PBXNativeTarget "fsocialTests" */ = {
			isa = XCConfigurationList;
			buildConfigurations = (
				9D0746FC281929580093ED62 /* Debug */,
				9D0746FD281929580093ED62 /* Release */,
			);
			defaultConfigurationIsVisible = 0;
			defaultConfigurationName = Release;
		};
		9D0746FE281929580093ED62 /* Build configuration list for PBXNativeTarget "fsocialUITests" */ = {
			isa = XCConfigurationList;
			buildConfigurations = (
				9D0746FF281929580093ED62 /* Debug */,
				9D074700281929580093ED62 /* Release */,
			);
			defaultConfigurationIsVisible = 0;
			defaultConfigurationName = Release;
		};
/* End XCConfigurationList section */

/* Begin XCVersionGroup section */
		9D0746D7281929560093ED62 /* fsocial.xcdatamodeld */ = {
			isa = XCVersionGroup;
			children = (
				9D0746D8281929560093ED62 /* fsocial.xcdatamodel */,
			);
			currentVersion = 9D0746D8281929560093ED62 /* fsocial.xcdatamodel */;
			path = fsocial.xcdatamodeld;
			sourceTree = "<group>";
			versionGroupType = wrapper.xcdatamodel;
		};
/* End XCVersionGroup section */
	};
	rootObject = 9D0746C3281929560093ED62 /* Project object */;
}
